
Microsoft Visual Studio Solution File, Format Version 12.00
# Visual Studio Version 16
VisualStudioVersion = 16.0.31624.102
MinimumVisualStudioVersion = 10.0.40219.1
Project("{FAE04EC0-301F-11D3-BF4B-00C04F79EFBC}") = "WebAPI", "API\WebAPI.csproj", "{B0048F7E-FCC4-4959-9B8B-3FC62BEB8DB7}"
EndProject
Project("{FAE04EC0-301F-11D3-BF4B-00C04F79EFBC}") = "Mvc", "Mvc\Mvc.csproj", "{CD4AF1D1-4494-465B-83B6-67F9DF0FB957}"
EndProject
Global
	GlobalSection(SolutionConfigurationPlatforms) = preSolution
		Debug|Any CPU = Debug|Any CPU
		Release|Any CPU = Release|Any CPU
	EndGlobalSection
	GlobalSection(ProjectConfigurationPlatforms) = postSolution
		{B0048F7E-FCC4-4959-9B8B-3FC62BEB8DB7}.Debug|Any CPU.ActiveCfg = Debug|Any CPU
		{B0048F7E-FCC4-4959-9B8B-3FC62BEB8DB7}.Debug|Any CPU.Build.0 = Debug|Any CPU
		{B0048F7E-FCC4-4959-9B8B-3FC62BEB8DB7}.Release|Any CPU.ActiveCfg = Release|Any CPU
		{B0048F7E-FCC4-4959-9B8B-3FC62BEB8DB7}.Release|Any CPU.Build.0 = Release|Any CPU
		{CD4AF1D1-4494-465B-83B6-67F9DF0FB957}.Debug|Any CPU.ActiveCfg = Debug|Any CPU
		{CD4AF1D1-4494-465B-83B6-67F9DF0FB957}.Debug|Any CPU.Build.0 = Debug|Any CPU
		{CD4AF1D1-4494-465B-83B6-67F9DF0FB957}.Release|Any CPU.ActiveCfg = Release|Any CPU
		{CD4AF1D1-4494-465B-83B6-67F9DF0FB957}.Release|Any CPU.Build.0 = Release|Any CPU
	EndGlobalSection
	GlobalSection(SolutionProperties) = preSolution
		HideSolutionNode = FALSE
	EndGlobalSection
	GlobalSection(ExtensibilityGlobals) = postSolution
		SolutionGuid = {BDC5E24A-2D04-4088-92BE-1D8351851220}
	EndGlobalSection
EndGlobal
